
Microsoft Visual Studio Solution File, Format Version 12.00
# Visual Studio Version 17
VisualStudioVersion = 17.6.33815.320
MinimumVisualStudioVersion = 10.0.40219.1
Project("{FAE04EC0-301F-11D3-BF4B-00C04F79EFBC}") = "tags", "tags\tags.csproj", "{DBA413E2-691C-4F32-8C41-1665B3CA83A2}"
EndProject
Global
	GlobalSection(SolutionConfigurationPlatforms) = preSolution
		2021Debug|Any CPU = 2021Debug|Any CPU
		2021Release|Any CPU = 2021Release|Any CPU
		2022Debug|Any CPU = 2022Debug|Any CPU
		2022Release|Any CPU = 2022Release|Any CPU
		2023Debug|Any CPU = 2023Debug|Any CPU
		2023Release|Any CPU = 2023Release|Any CPU
		2024Debug|Any CPU = 2024Debug|Any CPU
		2024Release|Any CPU = 2024Release|Any CPU
	EndGlobalSection
	GlobalSection(ProjectConfigurationPlatforms) = postSolution
		{DBA413E2-691C-4F32-8C41-1665B3CA83A2}.2021Debug|Any CPU.ActiveCfg = 2021Debug|Any CPU
		{DBA413E2-691C-4F32-8C41-1665B3CA83A2}.2021Debug|Any CPU.Build.0 = 2021Debug|Any CPU
		{DBA413E2-691C-4F32-8C41-1665B3CA83A2}.2021Release|Any CPU.ActiveCfg = 2021Release|Any CPU
		{DBA413E2-691C-4F32-8C41-1665B3CA83A2}.2021Release|Any CPU.Build.0 = 2021Release|Any CPU
		{DBA413E2-691C-4F32-8C41-1665B3CA83A2}.2022Debug|Any CPU.ActiveCfg = 2022Debug|Any CPU
		{DBA413E2-691C-4F32-8C41-1665B3CA83A2}.2022Debug|Any CPU.Build.0 = 2022Debug|Any CPU
		{DBA413E2-691C-4F32-8C41-1665B3CA83A2}.2022Release|Any CPU.ActiveCfg = 2022Release|Any CPU
		{DBA413E2-691C-4F32-8C41-1665B3CA83A2}.2022Release|Any CPU.Build.0 = 2022Release|Any CPU
		{DBA413E2-691C-4F32-8C41-1665B3CA83A2}.2023Debug|Any CPU.ActiveCfg = 2023Debug|Any CPU
		{DBA413E2-691C-4F32-8C41-1665B3CA83A2}.2023Debug|Any CPU.Build.0 = 2023Debug|Any CPU
		{DBA413E2-691C-4F32-8C41-1665B3CA83A2}.2023Release|Any CPU.ActiveCfg = 2023Release|Any CPU
		{DBA413E2-691C-4F32-8C41-1665B3CA83A2}.2023Release|Any CPU.Build.0 = 2023Release|Any CPU
		{DBA413E2-691C-4F32-8C41-1665B3CA83A2}.2024Debug|Any CPU.ActiveCfg = 2024Debug|Any CPU
		{DBA413E2-691C-4F32-8C41-1665B3CA83A2}.2024Debug|Any CPU.Build.0 = 2024Debug|Any CPU
		{DBA413E2-691C-4F32-8C41-1665B3CA83A2}.2024Release|Any CPU.ActiveCfg = 2024Release|Any CPU
		{DBA413E2-691C-4F32-8C41-1665B3CA83A2}.2024Release|Any CPU.Build.0 = 2024Release|Any CPU
	EndGlobalSection
	GlobalSection(SolutionProperties) = preSolution
		HideSolutionNode = FALSE
	EndGlobalSection
	GlobalSection(ExtensibilityGlobals) = postSolution
		SolutionGuid = {188A915A-F0DB-4069-9B1E-C4FA52958875}
	EndGlobalSection
EndGlobal
